{
    "_readme": [
        "This file locks the dependencies of your project to a known state",
        "Read more about it at http://getcomposer.org/doc/01-basic-usage.md#composer-lock-the-lock-file",
        "This file is @generated automatically"
    ],
    "hash": "36871f46c3636c382cefda89c1be3746",
    "packages": [
        {
            "name": "ekowabaka/clearice",
            "version": "v0.4.2",
            "source": {
                "type": "git",
                "url": "https://github.com/ekowabaka/clearice.git",
                "reference": "c9fb1b7355bc1c0c1d4f5279869fea02778b3735"
            },
            "dist": {
                "type": "zip",
                "url": "https://api.github.com/repos/ekowabaka/clearice/zipball/c9fb1b7355bc1c0c1d4f5279869fea02778b3735",
                "reference": "c9fb1b7355bc1c0c1d4f5279869fea02778b3735",
                "shasum": ""
            },
            "require": {
                "php": ">=5.3.0"
            },
            "require-dev": {
                "mikey179/vfsstream": "1.*",
                "phpunit/phpunit": "4.*"
            },
            "type": "library",
            "autoload": {
                "psr-4": {
                    "clearice\\": "src/"
                }
            },
            "notification-url": "https://packagist.org/downloads/",
            "license": [
                "MIT"
            ],
            "authors": [
                {
                    "name": "James Ekow Abaka Ainooson",
                    "email": "jainooson@gmail.com",
                    "homepage": "http://ekowabaka.me"
                }
            ],
            "description": "A tool to help in the building of CLI apps. Provides command line parsing and simple console I/O interfaces.",
            "time": "2015-01-31 14:28:44"
        },
        {
            "name": "ekowabaka/yentu",
            "version": "dev-master",
            "source": {
                "type": "git",
                "url": "https://github.com/ekowabaka/yentu.git",
                "reference": "5f6640542e69934eeeecca6c245bb08a4fb5dcca"
            },
            "dist": {
                "type": "zip",
                "url": "https://api.github.com/repos/ekowabaka/yentu/zipball/5f6640542e69934eeeecca6c245bb08a4fb5dcca",
                "reference": "5f6640542e69934eeeecca6c245bb08a4fb5dcca",
                "shasum": ""
            },
            "require": {
                "ekowabaka/clearice": "0.4.*",
                "ntentan/atiaa": "0.*",
                "php": ">=5.4.0"
            },
            "require-dev": {
                "mikey179/vfsstream": "1.*",
                "phpunit/phpunit": "4.*"
            },
            "bin": [
                "bin/yentu"
            ],
            "type": "library",
            "autoload": {
                "psr-4": {
                    "yentu\\tests\\": "tests/lib/",
                    "yentu\\": "src/"
                }
            },
            "notification-url": "https://packagist.org/downloads/",
            "license": [
                "MIT"
            ],
            "authors": [
                {
                    "name": "Ekow Abaka Ainooson",
                    "email": "jainooson@gmail.com"
                }
            ],
            "description": "A database migration tool with intimate integration with git",
            "time": "2015-04-02 07:24:37"
        },
        {
            "name": "monolog/monolog",
            "version": "1.13.1",
            "source": {
                "type": "git",
                "url": "https://github.com/Seldaek/monolog.git",
                "reference": "c31a2c4e8db5da8b46c74cf275d7f109c0f249ac"
            },
            "dist": {
                "type": "zip",
                "url": "https://api.github.com/repos/Seldaek/monolog/zipball/c31a2c4e8db5da8b46c74cf275d7f109c0f249ac",
                "reference": "c31a2c4e8db5da8b46c74cf275d7f109c0f249ac",
                "shasum": ""
            },
            "require": {
                "php": ">=5.3.0",
                "psr/log": "~1.0"
            },
            "provide": {
                "psr/log-implementation": "1.0.0"
            },
            "require-dev": {
                "aws/aws-sdk-php": "~2.4, >2.4.8",
                "doctrine/couchdb": "~1.0@dev",
                "graylog2/gelf-php": "~1.0",
                "phpunit/phpunit": "~4.0",
                "raven/raven": "~0.5",
                "ruflin/elastica": "0.90.*",
                "swiftmailer/swiftmailer": "~5.3",
                "videlalvaro/php-amqplib": "~2.4"
            },
            "suggest": {
                "aws/aws-sdk-php": "Allow sending log messages to AWS services like DynamoDB",
                "doctrine/couchdb": "Allow sending log messages to a CouchDB server",
                "ext-amqp": "Allow sending log messages to an AMQP server (1.0+ required)",
                "ext-mongo": "Allow sending log messages to a MongoDB server",
                "graylog2/gelf-php": "Allow sending log messages to a GrayLog2 server",
                "raven/raven": "Allow sending log messages to a Sentry server",
                "rollbar/rollbar": "Allow sending log messages to Rollbar",
                "ruflin/elastica": "Allow sending log messages to an Elastic Search server",
                "videlalvaro/php-amqplib": "Allow sending log messages to an AMQP server using php-amqplib"
            },
            "type": "library",
            "extra": {
                "branch-alias": {
                    "dev-master": "1.13.x-dev"
                }
            },
            "autoload": {
                "psr-4": {
                    "Monolog\\": "src/Monolog"
                }
            },
            "notification-url": "https://packagist.org/downloads/",
            "license": [
                "MIT"
            ],
            "authors": [
                {
                    "name": "Jordi Boggiano",
                    "email": "j.boggiano@seld.be",
                    "homepage": "http://seld.be"
                }
            ],
            "description": "Sends your logs to files, sockets, inboxes, databases and various web services",
            "homepage": "http://github.com/Seldaek/monolog",
            "keywords": [
                "log",
                "logging",
                "psr-3"
            ],
            "time": "2015-03-09 09:58:04"
        },
        {
            "name": "natxet/CssMin",
            "version": "3.0.2",
            "source": {
                "type": "git",
                "url": "https://github.com/natxet/CssMin.git",
                "reference": "afdcdbdb5fc332313f47a79ae60346df3e69a572"
            },
            "dist": {
                "type": "zip",
                "url": "https://api.github.com/repos/natxet/CssMin/zipball/afdcdbdb5fc332313f47a79ae60346df3e69a572",
                "reference": "afdcdbdb5fc332313f47a79ae60346df3e69a572",
                "shasum": ""
            },
            "require": {
                "php": ">=5.0"
            },
            "type": "library",
            "autoload": {
                "classmap": [
                    "src/"
                ]
            },
            "notification-url": "https://packagist.org/downloads/",
            "license": [
                "MIT"
            ],
            "authors": [
                {
                    "name": "Joe Scylla",
                    "email": "joe.scylla@gmail.com",
                    "homepage": "https://profiles.google.com/joe.scylla"
                }
            ],
            "description": "Minifying CSS",
            "homepage": "http://code.google.com/p/cssmin/",
            "keywords": [
                "css",
                "minify"
            ],
            "time": "2013-07-02 20:53:35"
        },
        {
            "name": "ntentan/atiaa",
            "version": "v0.1.0",
            "source": {
                "type": "git",
                "url": "https://github.com/ntentan/atiaa.git",
                "reference": "011534e21a14ee78558cd14a7d688b2b369a3103"
            },
            "dist": {
                "type": "zip",
                "url": "https://api.github.com/repos/ntentan/atiaa/zipball/011534e21a14ee78558cd14a7d688b2b369a3103",
                "reference": "011534e21a14ee78558cd14a7d688b2b369a3103",
                "shasum": ""
            },
            "require": {
                "php": ">=5.4.0"
            },
            "require-dev": {
                "phpunit/dbunit": "1.*",
                "phpunit/phpunit": "4.*"
            },
            "type": "library",
            "autoload": {
                "psr-4": {
                    "ntentan\\atiaa\\": "src/",
                    "ntentan\\atiaa\\tests\\": "tests/"
                }
            },
            "notification-url": "https://packagist.org/downloads/",
            "license": [
                "MIT"
            ],
            "authors": [
                {
                    "name": "James Ekow Abaka Ainooson",
                    "email": "jainooson@gmail.com"
                }
            ],
            "description": "A slim wrapper around PDO to provide some extra utilities",
            "time": "2015-02-15 12:00:27"
        },
        {
            "name": "ntentan/logger",
            "version": "v0.1.1",
            "source": {
                "type": "git",
                "url": "https://github.com/ntentan/logger.git",
                "reference": "798b691daff9acd5738d658e616c49bcf8b4d9b4"
            },
            "dist": {
                "type": "zip",
                "url": "https://api.github.com/repos/ntentan/logger/zipball/798b691daff9acd5738d658e616c49bcf8b4d9b4",
                "reference": "798b691daff9acd5738d658e616c49bcf8b4d9b4",
                "shasum": ""
            },
            "require": {
                "monolog/monolog": "1.*"
            },
            "require-dev": {
                "mikey179/vfsstream": "v1.3.0",
                "phpunit/phpunit": "4.*"
            },
            "type": "library",
            "autoload": {
                "psr-4": {
                    "ntentan\\logger\\": "src/"
                }
            },
            "notification-url": "https://packagist.org/downloads/",
            "license": [
                "MIT"
            ],
            "authors": [
                {
                    "name": "Ekow Abaka Ainooson",
                    "email": "jainooson@gmail.com"
                }
            ],
            "description": "A static PSR-3 logger wrapped around the super cool monolog.",
            "time": "2014-12-21 00:24:25"
        },
        {
            "name": "ntentan/ntentan",
            "version": "dev-master",
            "source": {
                "type": "git",
                "url": "https://github.com/ntentan/ntentan.git",
                "reference": "a5ff790f4dad394e2c2c0168be5e81109f87fb7d"
            },
            "dist": {
                "type": "zip",
                "url": "https://api.github.com/repos/ntentan/ntentan/zipball/a5ff790f4dad394e2c2c0168be5e81109f87fb7d",
                "reference": "a5ff790f4dad394e2c2c0168be5e81109f87fb7d",
                "shasum": ""
            },
            "require": {
                "natxet/cssmin": "3.*",
                "ntentan/atiaa": "0.*",
                "ntentan/logger": "0.*",
                "php": ">=5.3.0",
                "tedivm/jshrink": "1.*"
            },
            "type": "library",
            "autoload": {
                "psr-4": {
                    "ntentan\\": "lib/",
                    "ntentan\\test_cases\\": "tests/lib/",
                    "ntentan_test_app\\": "tests/app/"
                }
            },
            "notification-url": "https://packagist.org/downloads/",
            "license": [
                "MIT"
            ],
            "authors": [
                {
                    "name": "James Ekow Abaka Ainooson",
                    "email": "jainooson@gmail.com",
                    "homepage": "http://ekowabaka.me"
                }
            ],
            "description": "Another PHP application framework.",
            "time": "2015-03-21 13:36:13"
        },
        {
            "name": "ntentan/social-extension",
            "version": "dev-master",
            "source": {
                "type": "git",
                "url": "https://github.com/ntentan/social-extension.git",
                "reference": "601ee5095b9321d1262c943813929b50b47e3e9f"
            },
            "dist": {
                "type": "zip",
                "url": "https://api.github.com/repos/ntentan/social-extension/zipball/601ee5095b9321d1262c943813929b50b47e3e9f",
                "reference": "601ee5095b9321d1262c943813929b50b47e3e9f",
                "shasum": ""
            },
            "suggest": {
                "facebook/php-sdk-v4": "For facebook authentication (4.0.*)",
                "google/apiclient": "For google authentication (1.*)",
                "yahoo/yos-social-php5": "For yahoo authentication (0.2)"
            },
            "type": "library",
            "autoload": {
                "psr-4": {
                    "ntentan\\extensions\\social\\": "src/"
                }
            },
            "notification-url": "https://packagist.org/downloads/",
            "license": [
                "MIT"
            ],
            "authors": [
                {
                    "name": "Ekow Abaka Ainooson",
                    "email": "jainooson@gmail.com"
                }
            ],
            "description": "An ntentan framework plugin for integrating your application with social network APIs",
            "time": "2015-04-02 07:33:41"
        },
        {
            "name": "psr/log",
            "version": "1.0.0",
            "source": {
                "type": "git",
                "url": "https://github.com/php-fig/log.git",
                "reference": "fe0936ee26643249e916849d48e3a51d5f5e278b"
            },
            "dist": {
                "type": "zip",
                "url": "https://api.github.com/repos/php-fig/log/zipball/fe0936ee26643249e916849d48e3a51d5f5e278b",
                "reference": "fe0936ee26643249e916849d48e3a51d5f5e278b",
                "shasum": ""
            },
            "type": "library",
            "autoload": {
                "psr-0": {
                    "Psr\\Log\\": ""
                }
            },
            "notification-url": "https://packagist.org/downloads/",
            "license": [
                "MIT"
            ],
            "authors": [
                {
                    "name": "PHP-FIG",
                    "homepage": "http://www.php-fig.org/"
                }
            ],
            "description": "Common interface for logging libraries",
            "keywords": [
                "log",
                "psr",
                "psr-3"
            ],
            "time": "2012-12-21 11:40:51"
        },
        {
            "name": "tedivm/jshrink",
            "version": "v1.0.1",
            "source": {
                "type": "git",
                "url": "https://github.com/tedious/JShrink.git",
                "reference": "7575d9d96f113bc7c1c28ec8231ee086751a9078"
            },
            "dist": {
                "type": "zip",
                "url": "https://api.github.com/repos/tedious/JShrink/zipball/7575d9d96f113bc7c1c28ec8231ee086751a9078",
                "reference": "7575d9d96f113bc7c1c28ec8231ee086751a9078",
                "shasum": ""
            },
            "require": {
                "php": ">=5.3.0"
            },
            "require-dev": {
                "fabpot/php-cs-fixer": "0.4.0",
                "phpunit/phpunit": "4.0.*",
                "satooshi/php-coveralls": "dev-master"
            },
            "type": "library",
            "autoload": {
                "psr-0": {
                    "JShrink": "src/"
                }
            },
            "notification-url": "https://packagist.org/downloads/",
            "license": [
                "BSD-3-Clause"
            ],
            "authors": [
                {
                    "name": "Robert Hafner",
                    "email": "tedivm@tedivm.com"
                }
            ],
            "description": "Javascript Minifier built in PHP",
            "homepage": "http://github.com/tedious/JShrink",
            "keywords": [
                "javascript",
                "minifier"
            ],
            "time": "2014-11-11 03:54:14"
        }
    ],
    "packages-dev": [],
    "aliases": [],
    "minimum-stability": "stable",
    "stability-flags": {
        "ntentan/ntentan": 20,
        "ekowabaka/yentu": 20,
        "ntentan/social-extension": 20
    },
    "prefer-stable": false,
    "prefer-lowest": false,
    "platform": [],
    "platform-dev": []
}
